
Microsoft Visual Studio Solution File, Format Version 12.00
# Visual Studio Version 17
VisualStudioVersion = 17.9.34728.123
MinimumVisualStudioVersion = 10.0.40219.1
Project("{2150E333-8FDC-42A3-9474-1A3956D46DE8}") = "FrameWork", "FrameWork", "{A36E0D52-5921-4FEB-95F6-8AD65FE14C77}"
EndProject
Project("{2150E333-8FDC-42A3-9474-1A3956D46DE8}") = "Application", "Application", "{16F64E99-F370-476B-8020-8EFAB42E1865}"
EndProject
Project("{2150E333-8FDC-42A3-9474-1A3956D46DE8}") = "CMS", "CMS", "{D05CF5A0-2E62-4AFC-8C57-EE4B20EC4D5B}"
EndProject
Project("{FAE04EC0-301F-11D3-BF4B-00C04F79EFBC}") = "JIYUWU.Core", "JIYUWU.Core\JIYUWU.Core.csproj", "{0A5EBDB0-1B7A-4391-94C4-DE298AC55CA0}"
EndProject
Project("{FAE04EC0-301F-11D3-BF4B-00C04F79EFBC}") = "JIYUWU.Entity", "JIYUWU.Entity\JIYUWU.Entity.csproj", "{1466A30A-A655-4C99-A23A-B1CBD122AC6F}"
EndProject
Project("{FAE04EC0-301F-11D3-BF4B-00C04F79EFBC}") = "JIYUWU.Build", "JIYUWU.Build\JIYUWU.Build.csproj", "{A269D399-4560-4D5E-ABE9-9EF056E93FD8}"
EndProject
Project("{FAE04EC0-301F-11D3-BF4B-00C04F79EFBC}") = "JIYUWU.Api", "JIYUWU.Api\JIYUWU.Api.csproj", "{E453491E-430A-4F9B-BE31-A3E00CFBFC5B}"
EndProject
Project("{FAE04EC0-301F-11D3-BF4B-00C04F79EFBC}") = "JIYUWU.Product", "JIYUWU.Product\JIYUWU.Product.csproj", "{AD188FAB-73EF-4217-A600-A7F73E075E97}"
EndProject
Project("{FAE04EC0-301F-11D3-BF4B-00C04F79EFBC}") = "JIYUWU.Base", "JIYUWU.Base\JIYUWU.Base.csproj", "{18F9A808-0C19-44C3-A62A-03B0392997F5}"
EndProject
Global
	GlobalSection(SolutionConfigurationPlatforms) = preSolution
		Debug|Any CPU = Debug|Any CPU
		Release|Any CPU = Release|Any CPU
	EndGlobalSection
	GlobalSection(ProjectConfigurationPlatforms) = postSolution
		{0A5EBDB0-1B7A-4391-94C4-DE298AC55CA0}.Debug|Any CPU.ActiveCfg = Debug|Any CPU
		{0A5EBDB0-1B7A-4391-94C4-DE298AC55CA0}.Debug|Any CPU.Build.0 = Debug|Any CPU
		{0A5EBDB0-1B7A-4391-94C4-DE298AC55CA0}.Release|Any CPU.ActiveCfg = Release|Any CPU
		{0A5EBDB0-1B7A-4391-94C4-DE298AC55CA0}.Release|Any CPU.Build.0 = Release|Any CPU
		{1466A30A-A655-4C99-A23A-B1CBD122AC6F}.Debug|Any CPU.ActiveCfg = Debug|Any CPU
		{1466A30A-A655-4C99-A23A-B1CBD122AC6F}.Debug|Any CPU.Build.0 = Debug|Any CPU
		{1466A30A-A655-4C99-A23A-B1CBD122AC6F}.Release|Any CPU.ActiveCfg = Release|Any CPU
		{1466A30A-A655-4C99-A23A-B1CBD122AC6F}.Release|Any CPU.Build.0 = Release|Any CPU
		{A269D399-4560-4D5E-ABE9-9EF056E93FD8}.Debug|Any CPU.ActiveCfg = Debug|Any CPU
		{A269D399-4560-4D5E-ABE9-9EF056E93FD8}.Debug|Any CPU.Build.0 = Debug|Any CPU
		{A269D399-4560-4D5E-ABE9-9EF056E93FD8}.Release|Any CPU.ActiveCfg = Release|Any CPU
		{A269D399-4560-4D5E-ABE9-9EF056E93FD8}.Release|Any CPU.Build.0 = Release|Any CPU
		{E453491E-430A-4F9B-BE31-A3E00CFBFC5B}.Debug|Any CPU.ActiveCfg = Debug|Any CPU
		{E453491E-430A-4F9B-BE31-A3E00CFBFC5B}.Debug|Any CPU.Build.0 = Debug|Any CPU
		{E453491E-430A-4F9B-BE31-A3E00CFBFC5B}.Release|Any CPU.ActiveCfg = Release|Any CPU
		{E453491E-430A-4F9B-BE31-A3E00CFBFC5B}.Release|Any CPU.Build.0 = Release|Any CPU
		{AD188FAB-73EF-4217-A600-A7F73E075E97}.Debug|Any CPU.ActiveCfg = Debug|Any CPU
		{AD188FAB-73EF-4217-A600-A7F73E075E97}.Debug|Any CPU.Build.0 = Debug|Any CPU
		{AD188FAB-73EF-4217-A600-A7F73E075E97}.Release|Any CPU.ActiveCfg = Release|Any CPU
		{AD188FAB-73EF-4217-A600-A7F73E075E97}.Release|Any CPU.Build.0 = Release|Any CPU
		{18F9A808-0C19-44C3-A62A-03B0392997F5}.Debug|Any CPU.ActiveCfg = Debug|Any CPU
		{18F9A808-0C19-44C3-A62A-03B0392997F5}.Debug|Any CPU.Build.0 = Debug|Any CPU
		{18F9A808-0C19-44C3-A62A-03B0392997F5}.Release|Any CPU.ActiveCfg = Release|Any CPU
		{18F9A808-0C19-44C3-A62A-03B0392997F5}.Release|Any CPU.Build.0 = Release|Any CPU
	EndGlobalSection
	GlobalSection(SolutionProperties) = preSolution
		HideSolutionNode = FALSE
	EndGlobalSection
	GlobalSection(NestedProjects) = preSolution
		{0A5EBDB0-1B7A-4391-94C4-DE298AC55CA0} = {A36E0D52-5921-4FEB-95F6-8AD65FE14C77}
		{1466A30A-A655-4C99-A23A-B1CBD122AC6F} = {A36E0D52-5921-4FEB-95F6-8AD65FE14C77}
		{A269D399-4560-4D5E-ABE9-9EF056E93FD8} = {A36E0D52-5921-4FEB-95F6-8AD65FE14C77}
		{E453491E-430A-4F9B-BE31-A3E00CFBFC5B} = {16F64E99-F370-476B-8020-8EFAB42E1865}
		{AD188FAB-73EF-4217-A600-A7F73E075E97} = {D05CF5A0-2E62-4AFC-8C57-EE4B20EC4D5B}
		{18F9A808-0C19-44C3-A62A-03B0392997F5} = {A36E0D52-5921-4FEB-95F6-8AD65FE14C77}
	EndGlobalSection
	GlobalSection(ExtensibilityGlobals) = postSolution
		SolutionGuid = {0AE1FF31-C603-43E1-87A1-B974F5045EF0}
	EndGlobalSection
EndGlobal
